
Microsoft Visual Studio Solution File, Format Version 12.00
# Visual Studio 15
Project("{FAE04EC0-301F-11D3-BF4B-00C04F79EFBC}") = "MediaLibrary.Core", "MediaLibrary.Core\MediaLibrary.Core.csproj", "{4EBE1CA4-3440-43FE-8B83-C12FC335A0BE}"
EndProject
Project("{FAE04EC0-301F-11D3-BF4B-00C04F79EFBC}") = "MediaLibrary.ConsoleApp", "MediaLibrary.ConsoleApp\MediaLibrary.ConsoleApp.csproj", "{663AF09B-0318-4A13-8FD1-CBA669240D17}"
EndProject
Global
	GlobalSection(SolutionConfigurationPlatforms) = preSolution
		Debug|Any CPU = Debug|Any CPU
		Release|Any CPU = Release|Any CPU
	EndGlobalSection
	GlobalSection(ProjectConfigurationPlatforms) = postSolution
		{4EBE1CA4-3440-43FE-8B83-C12FC335A0BE}.Debug|Any CPU.ActiveCfg = Debug|Any CPU
		{4EBE1CA4-3440-43FE-8B83-C12FC335A0BE}.Debug|Any CPU.Build.0 = Debug|Any CPU
		{4EBE1CA4-3440-43FE-8B83-C12FC335A0BE}.Release|Any CPU.ActiveCfg = Release|Any CPU
		{4EBE1CA4-3440-43FE-8B83-C12FC335A0BE}.Release|Any CPU.Build.0 = Release|Any CPU
		{663AF09B-0318-4A13-8FD1-CBA669240D17}.Debug|Any CPU.ActiveCfg = Debug|Any CPU
		{663AF09B-0318-4A13-8FD1-CBA669240D17}.Debug|Any CPU.Build.0 = Debug|Any CPU
		{663AF09B-0318-4A13-8FD1-CBA669240D17}.Release|Any CPU.ActiveCfg = Release|Any CPU
		{663AF09B-0318-4A13-8FD1-CBA669240D17}.Release|Any CPU.Build.0 = Release|Any CPU
	EndGlobalSection
EndGlobal
